// !$*UTF8*$!
{
	archiveVersion = 1;
	classes = {
	};
	objectVersion = 46;
	objects = {

/* Begin PBXBuildFile section */
		301501481D49DA0A002487BA /* UnrollTheToiletPaper.swift in Sources */ = {isa = PBXBuildFile; fileRef = 301501471D49DA0A002487BA /* UnrollTheToiletPaper.swift */; };
		3015014B1D49DAB4002487BA /* UnrollTheToiletPaperViewController.swift in Sources */ = {isa = PBXBuildFile; fileRef = 301501491D49DAB4002487BA /* UnrollTheToiletPaperViewController.swift */; };
		3015014C1D49DAB4002487BA /* UnrollTheToiletPaperViewController.xib in Resources */ = {isa = PBXBuildFile; fileRef = 3015014A1D49DAB4002487BA /* UnrollTheToiletPaperViewController.xib */; };
		3015014E1D49DB01002487BA /* UnrollTheToiletPaperViewModel.swift in Sources */ = {isa = PBXBuildFile; fileRef = 3015014D1D49DB01002487BA /* UnrollTheToiletPaperViewModel.swift */; };
		301B79F61D475B730029DBCE /* GameCoordinator.swift in Sources */ = {isa = PBXBuildFile; fileRef = 301B79F51D475B730029DBCE /* GameCoordinator.swift */; };
		301B79F81D476A270029DBCE /* MiniGameCoordinator.swift in Sources */ = {isa = PBXBuildFile; fileRef = 301B79F71D476A270029DBCE /* MiniGameCoordinator.swift */; };
		303EA73A1C385AB300B49854 /* CoverTheDotViewController.swift in Sources */ = {isa = PBXBuildFile; fileRef = 303EA7351C385AB300B49854 /* CoverTheDotViewController.swift */; };
		303EA73B1C385AB300B49854 /* CoverTheDotViewController.xib in Resources */ = {isa = PBXBuildFile; fileRef = 303EA7361C385AB300B49854 /* CoverTheDotViewController.xib */; };
		303EA73C1C385AB300B49854 /* CoverTheDotViewModel.swift in Sources */ = {isa = PBXBuildFile; fileRef = 303EA7371C385AB300B49854 /* CoverTheDotViewModel.swift */; };
		303EA73D1C385AB300B49854 /* DotView.swift in Sources */ = {isa = PBXBuildFile; fileRef = 303EA7381C385AB300B49854 /* DotView.swift */; };
		303EA73E1C385AB300B49854 /* MiniGameRound.swift in Sources */ = {isa = PBXBuildFile; fileRef = 303EA7391C385AB300B49854 /* MiniGameRound.swift */; };
		303EA7401C385AC600B49854 /* MotionKit.swift in Sources */ = {isa = PBXBuildFile; fileRef = 303EA73F1C385AC600B49854 /* MotionKit.swift */; };
		303EA7421C385AD700B49854 /* BlockBehavior.swift in Sources */ = {isa = PBXBuildFile; fileRef = 303EA7411C385AD700B49854 /* BlockBehavior.swift */; };
		303EA7441C385C3700B49854 /* MiniGame.swift in Sources */ = {isa = PBXBuildFile; fileRef = 303EA7431C385C3700B49854 /* MiniGame.swift */; };
		303EA7461C38679900B49854 /* CoverTheDot.swift in Sources */ = {isa = PBXBuildFile; fileRef = 303EA7451C38679900B49854 /* CoverTheDot.swift */; };
		304723B11D63D62C00AFF672 /* JoinMatchCoordinator.swift in Sources */ = {isa = PBXBuildFile; fileRef = 304723B01D63D62C00AFF672 /* JoinMatchCoordinator.swift */; };
		304723B31D63EC6500AFF672 /* JoinMatchViewModel.swift in Sources */ = {isa = PBXBuildFile; fileRef = 304723B21D63EC6500AFF672 /* JoinMatchViewModel.swift */; };
		306ABB3A1C40059500982669 /* bird.atlas in Resources */ = {isa = PBXBuildFile; fileRef = 306ABB351C40059500982669 /* bird.atlas */; };
		306ABB3B1C40059500982669 /* FlappyBirdGameScene.sks in Resources */ = {isa = PBXBuildFile; fileRef = 306ABB361C40059500982669 /* FlappyBirdGameScene.sks */; };
		306ABB3C1C40059500982669 /* FlappyBirdGameScene.swift in Sources */ = {isa = PBXBuildFile; fileRef = 306ABB371C40059500982669 /* FlappyBirdGameScene.swift */; };
		306ABB3D1C40059500982669 /* FlappyBirdGameViewController.swift in Sources */ = {isa = PBXBuildFile; fileRef = 306ABB381C40059500982669 /* FlappyBirdGameViewController.swift */; };
		306ABB3E1C40059500982669 /* Images.xcassets in Resources */ = {isa = PBXBuildFile; fileRef = 306ABB391C40059500982669 /* Images.xcassets */; };
		306ABB401C4010EB00982669 /* FlappyBirdViewModel.swift in Sources */ = {isa = PBXBuildFile; fileRef = 306ABB3F1C4010EB00982669 /* FlappyBirdViewModel.swift */; };
		306ABB421C4010FC00982669 /* FlappyBird.swift in Sources */ = {isa = PBXBuildFile; fileRef = 306ABB411C4010FC00982669 /* FlappyBird.swift */; };
		306ABB441C40469400982669 /* FlappyBirdGameViewController.xib in Resources */ = {isa = PBXBuildFile; fileRef = 306ABB431C40469400982669 /* FlappyBirdGameViewController.xib */; };
		3086FFD91C415CA500EF7EC7 /* TapTheDot.swift in Sources */ = {isa = PBXBuildFile; fileRef = 3086FFD81C415CA500EF7EC7 /* TapTheDot.swift */; };
		3086FFDC1C415D0F00EF7EC7 /* TapTheDotViewController.swift in Sources */ = {isa = PBXBuildFile; fileRef = 3086FFDA1C415D0F00EF7EC7 /* TapTheDotViewController.swift */; };
		3086FFDD1C415D0F00EF7EC7 /* TapTheDotViewController.xib in Resources */ = {isa = PBXBuildFile; fileRef = 3086FFDB1C415D0F00EF7EC7 /* TapTheDotViewController.xib */; };
		3086FFDF1C415D2000EF7EC7 /* TapTheDotViewModel.swift in Sources */ = {isa = PBXBuildFile; fileRef = 3086FFDE1C415D2000EF7EC7 /* TapTheDotViewModel.swift */; };
		3086FFE11C4167A200EF7EC7 /* Extensions.swift in Sources */ = {isa = PBXBuildFile; fileRef = 3086FFE01C4167A200EF7EC7 /* Extensions.swift */; };
		308BE17E1C2B7F9A009AA272 /* JoinMatchViewController.swift in Sources */ = {isa = PBXBuildFile; fileRef = 308BE17D1C2B7F9A009AA272 /* JoinMatchViewController.swift */; };
		308BE1821C2B85AA009AA272 /* GameViewController.swift in Sources */ = {isa = PBXBuildFile; fileRef = 308BE1811C2B85AA009AA272 /* GameViewController.swift */; };
		308BE1841C2B85B9009AA272 /* GameViewModel.swift in Sources */ = {isa = PBXBuildFile; fileRef = 308BE1831C2B85B9009AA272 /* GameViewModel.swift */; };
		308BE1861C2B87DD009AA272 /* JoinMatchViewController.xib in Resources */ = {isa = PBXBuildFile; fileRef = 308BE1851C2B87DD009AA272 /* JoinMatchViewController.xib */; };
		308BE18A1C2DA30E009AA272 /* GameViewController.xib in Resources */ = {isa = PBXBuildFile; fileRef = 308BE1891C2DA30E009AA272 /* GameViewController.xib */; };
		308F441E1BE42AFB006AC354 /* AppDelegate.swift in Sources */ = {isa = PBXBuildFile; fileRef = 308F441D1BE42AFB006AC354 /* AppDelegate.swift */; };
		308F44251BE42AFB006AC354 /* Assets.xcassets in Resources */ = {isa = PBXBuildFile; fileRef = 308F44241BE42AFB006AC354 /* Assets.xcassets */; };
		308F44281BE42AFB006AC354 /* LaunchScreen.storyboard in Resources */ = {isa = PBXBuildFile; fileRef = 308F44261BE42AFB006AC354 /* LaunchScreen.storyboard */; };
		308F44331BE42AFB006AC354 /* GameControllerTests.swift in Sources */ = {isa = PBXBuildFile; fileRef = 308F44321BE42AFB006AC354 /* GameControllerTests.swift */; };
		308F443E1BE42AFB006AC354 /* GameControllerUITests.swift in Sources */ = {isa = PBXBuildFile; fileRef = 308F443D1BE42AFB006AC354 /* GameControllerUITests.swift */; };
		308F444E1BE71D7E006AC354 /* Player.swift in Sources */ = {isa = PBXBuildFile; fileRef = 308F444D1BE71D7E006AC354 /* Player.swift */; };
		30B6EAC21D4831920057463A /* Timer.swift in Sources */ = {isa = PBXBuildFile; fileRef = 30B6EAC11D4831920057463A /* Timer.swift */; };
		5C15B742B10B0F1DBDF08BED /* Pods_GameControllerTests.framework in Frameworks */ = {isa = PBXBuildFile; fileRef = E9B10449E2ED8EBA4A857065 /* Pods_GameControllerTests.framework */; };
		A1324F1C6891A6933E8D0EB8 /* Pods_GameControllerUITests.framework in Frameworks */ = {isa = PBXBuildFile; fileRef = 127F71D6C46901057FB1D645 /* Pods_GameControllerUITests.framework */; };
		D332CDBEC536FF5754E94B71 /* Pods_GameController.framework in Frameworks */ = {isa = PBXBuildFile; fileRef = 3E839E9423CE87CB253517DD /* Pods_GameController.framework */; };
/* End PBXBuildFile section */

/* Begin PBXContainerItemProxy section */
		308F442F1BE42AFB006AC354 /* PBXContainerItemProxy */ = {
			isa = PBXContainerItemProxy;
			containerPortal = 308F44121BE42AFA006AC354 /* Project object */;
			proxyType = 1;
			remoteGlobalIDString = 308F44191BE42AFB006AC354;
			remoteInfo = GameController;
		};
		308F443A1BE42AFB006AC354 /* PBXContainerItemProxy */ = {
			isa = PBXContainerItemProxy;
			containerPortal = 308F44121BE42AFA006AC354 /* Project object */;
			proxyType = 1;
			remoteGlobalIDString = 308F44191BE42AFB006AC354;
			remoteInfo = GameController;
		};
/* End PBXContainerItemProxy section */

/* Begin PBXCopyFilesBuildPhase section */
		30B6EAC51D492D320057463A /* Embed Frameworks */ = {
			isa = PBXCopyFilesBuildPhase;
			buildActionMask = 2147483647;
			dstPath = "";
			dstSubfolderSpec = 10;
			files = (
			);
			name = "Embed Frameworks";
			runOnlyForDeploymentPostprocessing = 0;
		};
/* End PBXCopyFilesBuildPhase section */

/* Begin PBXFileReference section */
		09E1496A3F9019DFF1D7F84E /* Pods-GameControllerTests.release.xcconfig */ = {isa = PBXFileReference; includeInIndex = 1; lastKnownFileType = text.xcconfig; name = "Pods-GameControllerTests.release.xcconfig"; path = "Pods/Target Support Files/Pods-GameControllerTests/Pods-GameControllerTests.release.xcconfig"; sourceTree = "<group>"; };
		127F71D6C46901057FB1D645 /* Pods_GameControllerUITests.framework */ = {isa = PBXFileReference; explicitFileType = wrapper.framework; includeInIndex = 0; path = Pods_GameControllerUITests.framework; sourceTree = BUILT_PRODUCTS_DIR; };
		301501471D49DA0A002487BA /* UnrollTheToiletPaper.swift */ = {isa = PBXFileReference; fileEncoding = 4; lastKnownFileType = sourcecode.swift; path = UnrollTheToiletPaper.swift; sourceTree = "<group>"; };
		301501491D49DAB4002487BA /* UnrollTheToiletPaperViewController.swift */ = {isa = PBXFileReference; fileEncoding = 4; lastKnownFileType = sourcecode.swift; path = UnrollTheToiletPaperViewController.swift; sourceTree = "<group>"; };
		3015014A1D49DAB4002487BA /* UnrollTheToiletPaperViewController.xib */ = {isa = PBXFileReference; fileEncoding = 4; lastKnownFileType = file.xib; path = UnrollTheToiletPaperViewController.xib; sourceTree = "<group>"; };
		3015014D1D49DB01002487BA /* UnrollTheToiletPaperViewModel.swift */ = {isa = PBXFileReference; fileEncoding = 4; lastKnownFileType = sourcecode.swift; path = UnrollTheToiletPaperViewModel.swift; sourceTree = "<group>"; };
		301B79F51D475B730029DBCE /* GameCoordinator.swift */ = {isa = PBXFileReference; fileEncoding = 4; lastKnownFileType = sourcecode.swift; path = GameCoordinator.swift; sourceTree = "<group>"; };
		301B79F71D476A270029DBCE /* MiniGameCoordinator.swift */ = {isa = PBXFileReference; fileEncoding = 4; lastKnownFileType = sourcecode.swift; path = MiniGameCoordinator.swift; sourceTree = "<group>"; };
		303EA7351C385AB300B49854 /* CoverTheDotViewController.swift */ = {isa = PBXFileReference; fileEncoding = 4; lastKnownFileType = sourcecode.swift; path = CoverTheDotViewController.swift; sourceTree = "<group>"; };
		303EA7361C385AB300B49854 /* CoverTheDotViewController.xib */ = {isa = PBXFileReference; fileEncoding = 4; lastKnownFileType = file.xib; path = CoverTheDotViewController.xib; sourceTree = "<group>"; };
		303EA7371C385AB300B49854 /* CoverTheDotViewModel.swift */ = {isa = PBXFileReference; fileEncoding = 4; lastKnownFileType = sourcecode.swift; path = CoverTheDotViewModel.swift; sourceTree = "<group>"; };
		303EA7381C385AB300B49854 /* DotView.swift */ = {isa = PBXFileReference; fileEncoding = 4; lastKnownFileType = sourcecode.swift; path = DotView.swift; sourceTree = "<group>"; };
		303EA7391C385AB300B49854 /* MiniGameRound.swift */ = {isa = PBXFileReference; fileEncoding = 4; lastKnownFileType = sourcecode.swift; path = MiniGameRound.swift; sourceTree = "<group>"; };
		303EA73F1C385AC600B49854 /* MotionKit.swift */ = {isa = PBXFileReference; fileEncoding = 4; lastKnownFileType = sourcecode.swift; path = MotionKit.swift; sourceTree = "<group>"; };
		303EA7411C385AD700B49854 /* BlockBehavior.swift */ = {isa = PBXFileReference; fileEncoding = 4; lastKnownFileType = sourcecode.swift; path = BlockBehavior.swift; sourceTree = "<group>"; };
		303EA7431C385C3700B49854 /* MiniGame.swift */ = {isa = PBXFileReference; fileEncoding = 4; lastKnownFileType = sourcecode.swift; path = MiniGame.swift; sourceTree = "<group>"; };
		303EA7451C38679900B49854 /* CoverTheDot.swift */ = {isa = PBXFileReference; fileEncoding = 4; lastKnownFileType = sourcecode.swift; path = CoverTheDot.swift; sourceTree = "<group>"; };
		304723B01D63D62C00AFF672 /* JoinMatchCoordinator.swift */ = {isa = PBXFileReference; fileEncoding = 4; lastKnownFileType = sourcecode.swift; path = JoinMatchCoordinator.swift; sourceTree = "<group>"; };
		304723B21D63EC6500AFF672 /* JoinMatchViewModel.swift */ = {isa = PBXFileReference; fileEncoding = 4; lastKnownFileType = sourcecode.swift; path = JoinMatchViewModel.swift; sourceTree = "<group>"; };
		306ABB351C40059500982669 /* bird.atlas */ = {isa = PBXFileReference; lastKnownFileType = folder.skatlas; path = bird.atlas; sourceTree = "<group>"; };
		306ABB361C40059500982669 /* FlappyBirdGameScene.sks */ = {isa = PBXFileReference; lastKnownFileType = file.sks; path = FlappyBirdGameScene.sks; sourceTree = "<group>"; };
		306ABB371C40059500982669 /* FlappyBirdGameScene.swift */ = {isa = PBXFileReference; fileEncoding = 4; lastKnownFileType = sourcecode.swift; path = FlappyBirdGameScene.swift; sourceTree = "<group>"; };
		306ABB381C40059500982669 /* FlappyBirdGameViewController.swift */ = {isa = PBXFileReference; fileEncoding = 4; lastKnownFileType = sourcecode.swift; path = FlappyBirdGameViewController.swift; sourceTree = "<group>"; };
		306ABB391C40059500982669 /* Images.xcassets */ = {isa = PBXFileReference; lastKnownFileType = folder.assetcatalog; path = Images.xcassets; sourceTree = "<group>"; };
		306ABB3F1C4010EB00982669 /* FlappyBirdViewModel.swift */ = {isa = PBXFileReference; fileEncoding = 4; lastKnownFileType = sourcecode.swift; path = FlappyBirdViewModel.swift; sourceTree = "<group>"; };
		306ABB411C4010FC00982669 /* FlappyBird.swift */ = {isa = PBXFileReference; fileEncoding = 4; lastKnownFileType = sourcecode.swift; path = FlappyBird.swift; sourceTree = "<group>"; };
		306ABB431C40469400982669 /* FlappyBirdGameViewController.xib */ = {isa = PBXFileReference; fileEncoding = 4; lastKnownFileType = file.xib; path = FlappyBirdGameViewController.xib; sourceTree = "<group>"; };
		3086FFD81C415CA500EF7EC7 /* TapTheDot.swift */ = {isa = PBXFileReference; fileEncoding = 4; lastKnownFileType = sourcecode.swift; path = TapTheDot.swift; sourceTree = "<group>"; };
		3086FFDA1C415D0F00EF7EC7 /* TapTheDotViewController.swift */ = {isa = PBXFileReference; fileEncoding = 4; lastKnownFileType = sourcecode.swift; path = TapTheDotViewController.swift; sourceTree = "<group>"; };
		3086FFDB1C415D0F00EF7EC7 /* TapTheDotViewController.xib */ = {isa = PBXFileReference; fileEncoding = 4; lastKnownFileType = file.xib; path = TapTheDotViewController.xib; sourceTree = "<group>"; };
		3086FFDE1C415D2000EF7EC7 /* TapTheDotViewModel.swift */ = {isa = PBXFileReference; fileEncoding = 4; lastKnownFileType = sourcecode.swift; path = TapTheDotViewModel.swift; sourceTree = "<group>"; };
		3086FFE01C4167A200EF7EC7 /* Extensions.swift */ = {isa = PBXFileReference; fileEncoding = 4; lastKnownFileType = sourcecode.swift; path = Extensions.swift; sourceTree = "<group>"; };
		308BE17D1C2B7F9A009AA272 /* JoinMatchViewController.swift */ = {isa = PBXFileReference; fileEncoding = 4; lastKnownFileType = sourcecode.swift; path = JoinMatchViewController.swift; sourceTree = "<group>"; };
		308BE1811C2B85AA009AA272 /* GameViewController.swift */ = {isa = PBXFileReference; fileEncoding = 4; lastKnownFileType = sourcecode.swift; path = GameViewController.swift; sourceTree = "<group>"; };
		308BE1831C2B85B9009AA272 /* GameViewModel.swift */ = {isa = PBXFileReference; fileEncoding = 4; lastKnownFileType = sourcecode.swift; path = GameViewModel.swift; sourceTree = "<group>"; };
		308BE1851C2B87DD009AA272 /* JoinMatchViewController.xib */ = {isa = PBXFileReference; fileEncoding = 4; lastKnownFileType = file.xib; path = JoinMatchViewController.xib; sourceTree = "<group>"; };
		308BE1891C2DA30E009AA272 /* GameViewController.xib */ = {isa = PBXFileReference; fileEncoding = 4; lastKnownFileType = file.xib; path = GameViewController.xib; sourceTree = "<group>"; };
		308F441A1BE42AFB006AC354 /* GameController.app */ = {isa = PBXFileReference; explicitFileType = wrapper.application; includeInIndex = 0; path = GameController.app; sourceTree = BUILT_PRODUCTS_DIR; };
		308F441D1BE42AFB006AC354 /* AppDelegate.swift */ = {isa = PBXFileReference; lastKnownFileType = sourcecode.swift; path = AppDelegate.swift; sourceTree = "<group>"; };
		308F44241BE42AFB006AC354 /* Assets.xcassets */ = {isa = PBXFileReference; lastKnownFileType = folder.assetcatalog; path = Assets.xcassets; sourceTree = "<group>"; };
		308F44271BE42AFB006AC354 /* Base */ = {isa = PBXFileReference; lastKnownFileType = file.storyboard; name = Base; path = Base.lproj/LaunchScreen.storyboard; sourceTree = "<group>"; };
		308F44291BE42AFB006AC354 /* Info.plist */ = {isa = PBXFileReference; lastKnownFileType = text.plist.xml; path = Info.plist; sourceTree = "<group>"; };
		308F442E1BE42AFB006AC354 /* GameControllerTests.xctest */ = {isa = PBXFileReference; explicitFileType = wrapper.cfbundle; includeInIndex = 0; path = GameControllerTests.xctest; sourceTree = BUILT_PRODUCTS_DIR; };
		308F44321BE42AFB006AC354 /* GameControllerTests.swift */ = {isa = PBXFileReference; lastKnownFileType = sourcecode.swift; path = GameControllerTests.swift; sourceTree = "<group>"; };
		308F44341BE42AFB006AC354 /* Info.plist */ = {isa = PBXFileReference; lastKnownFileType = text.plist.xml; path = Info.plist; sourceTree = "<group>"; };
		308F44391BE42AFB006AC354 /* GameControllerUITests.xctest */ = {isa = PBXFileReference; explicitFileType = wrapper.cfbundle; includeInIndex = 0; path = GameControllerUITests.xctest; sourceTree = BUILT_PRODUCTS_DIR; };
		308F443D1BE42AFB006AC354 /* GameControllerUITests.swift */ = {isa = PBXFileReference; lastKnownFileType = sourcecode.swift; path = GameControllerUITests.swift; sourceTree = "<group>"; };
		308F443F1BE42AFC006AC354 /* Info.plist */ = {isa = PBXFileReference; lastKnownFileType = text.plist.xml; path = Info.plist; sourceTree = "<group>"; };
		308F444D1BE71D7E006AC354 /* Player.swift */ = {isa = PBXFileReference; fileEncoding = 4; lastKnownFileType = sourcecode.swift; path = Player.swift; sourceTree = "<group>"; };
		30B6EAC11D4831920057463A /* Timer.swift */ = {isa = PBXFileReference; fileEncoding = 4; lastKnownFileType = sourcecode.swift; path = Timer.swift; sourceTree = "<group>"; };
		3E839E9423CE87CB253517DD /* Pods_GameController.framework */ = {isa = PBXFileReference; explicitFileType = wrapper.framework; includeInIndex = 0; path = Pods_GameController.framework; sourceTree = BUILT_PRODUCTS_DIR; };
		5F94F04617DA325E0D9C4A6F /* Pods-GameControllerTests.debug.xcconfig */ = {isa = PBXFileReference; includeInIndex = 1; lastKnownFileType = text.xcconfig; name = "Pods-GameControllerTests.debug.xcconfig"; path = "Pods/Target Support Files/Pods-GameControllerTests/Pods-GameControllerTests.debug.xcconfig"; sourceTree = "<group>"; };
		712DC98A3E3D6CE50E615713 /* Pods-GameControllerUITests.debug.xcconfig */ = {isa = PBXFileReference; includeInIndex = 1; lastKnownFileType = text.xcconfig; name = "Pods-GameControllerUITests.debug.xcconfig"; path = "Pods/Target Support Files/Pods-GameControllerUITests/Pods-GameControllerUITests.debug.xcconfig"; sourceTree = "<group>"; };
		7F815D4CC957AEC12F1B0B63 /* Pods-GameController.release.xcconfig */ = {isa = PBXFileReference; includeInIndex = 1; lastKnownFileType = text.xcconfig; name = "Pods-GameController.release.xcconfig"; path = "Pods/Target Support Files/Pods-GameController/Pods-GameController.release.xcconfig"; sourceTree = "<group>"; };
		B9B7A950D9AA81FA8C69D7EC /* Pods-GameController.debug.xcconfig */ = {isa = PBXFileReference; includeInIndex = 1; lastKnownFileType = text.xcconfig; name = "Pods-GameController.debug.xcconfig"; path = "Pods/Target Support Files/Pods-GameController/Pods-GameController.debug.xcconfig"; sourceTree = "<group>"; };
		CA4E49F2B11D54822B88AE85 /* Pods-GameControllerUITests.release.xcconfig */ = {isa = PBXFileReference; includeInIndex = 1; lastKnownFileType = text.xcconfig; name = "Pods-GameControllerUITests.release.xcconfig"; path = "Pods/Target Support Files/Pods-GameControllerUITests/Pods-GameControllerUITests.release.xcconfig"; sourceTree = "<group>"; };
		E9B10449E2ED8EBA4A857065 /* Pods_GameControllerTests.framework */ = {isa = PBXFileReference; explicitFileType = wrapper.framework; includeInIndex = 0; path = Pods_GameControllerTests.framework; sourceTree = BUILT_PRODUCTS_DIR; };
/* End PBXFileReference section */

/* Begin PBXFrameworksBuildPhase section */
		308F44171BE42AFB006AC354 /* Frameworks */ = {
			isa = PBXFrameworksBuildPhase;
			buildActionMask = 2147483647;
			files = (
				D332CDBEC536FF5754E94B71 /* Pods_GameController.framework in Frameworks */,
			);
			runOnlyForDeploymentPostprocessing = 0;
		};
		308F442B1BE42AFB006AC354 /* Frameworks */ = {
			isa = PBXFrameworksBuildPhase;
			buildActionMask = 2147483647;
			files = (
				5C15B742B10B0F1DBDF08BED /* Pods_GameControllerTests.framework in Frameworks */,
			);
			runOnlyForDeploymentPostprocessing = 0;
		};
		308F44361BE42AFB006AC354 /* Frameworks */ = {
			isa = PBXFrameworksBuildPhase;
			buildActionMask = 2147483647;
			files = (
				A1324F1C6891A6933E8D0EB8 /* Pods_GameControllerUITests.framework in Frameworks */,
			);
			runOnlyForDeploymentPostprocessing = 0;
		};
/* End PBXFrameworksBuildPhase section */

/* Begin PBXGroup section */
		301501461D49D9E9002487BA /* UnrollTheToiletPaper */ = {
			isa = PBXGroup;
			children = (
				301501471D49DA0A002487BA /* UnrollTheToiletPaper.swift */,
				301501491D49DAB4002487BA /* UnrollTheToiletPaperViewController.swift */,
				3015014A1D49DAB4002487BA /* UnrollTheToiletPaperViewController.xib */,
				3015014D1D49DB01002487BA /* UnrollTheToiletPaperViewModel.swift */,
			);
			name = UnrollTheToiletPaper;
			sourceTree = "<group>";
		};
		303EA7231C2F019C00B49854 /* Game */ = {
			isa = PBXGroup;
			children = (
				308F444D1BE71D7E006AC354 /* Player.swift */,
				304723B01D63D62C00AFF672 /* JoinMatchCoordinator.swift */,
				308BE17D1C2B7F9A009AA272 /* JoinMatchViewController.swift */,
				308BE1851C2B87DD009AA272 /* JoinMatchViewController.xib */,
				304723B21D63EC6500AFF672 /* JoinMatchViewModel.swift */,
				301B79F51D475B730029DBCE /* GameCoordinator.swift */,
				308BE1811C2B85AA009AA272 /* GameViewController.swift */,
				308BE1891C2DA30E009AA272 /* GameViewController.xib */,
				308BE1831C2B85B9009AA272 /* GameViewModel.swift */,
				301B79F71D476A270029DBCE /* MiniGameCoordinator.swift */,
				303EA7391C385AB300B49854 /* MiniGameRound.swift */,
				30B6EAC11D4831920057463A /* Timer.swift */,
				303EA7431C385C3700B49854 /* MiniGame.swift */,
			);
			name = Game;
			sourceTree = "<group>";
		};
		303EA7341C385A8500B49854 /* CoverTheDot */ = {
			isa = PBXGroup;
			children = (
				303EA7451C38679900B49854 /* CoverTheDot.swift */,
				303EA7351C385AB300B49854 /* CoverTheDotViewController.swift */,
				303EA7361C385AB300B49854 /* CoverTheDotViewController.xib */,
				303EA7371C385AB300B49854 /* CoverTheDotViewModel.swift */,
				303EA7381C385AB300B49854 /* DotView.swift */,
				303EA7411C385AD700B49854 /* BlockBehavior.swift */,
			);
			name = CoverTheDot;
			sourceTree = "<group>";
		};
		306ABB341C4004A000982669 /* FlappyBird */ = {
			isa = PBXGroup;
			children = (
				306ABB411C4010FC00982669 /* FlappyBird.swift */,
				306ABB381C40059500982669 /* FlappyBirdGameViewController.swift */,
				306ABB431C40469400982669 /* FlappyBirdGameViewController.xib */,
				306ABB3F1C4010EB00982669 /* FlappyBirdViewModel.swift */,
				306ABB361C40059500982669 /* FlappyBirdGameScene.sks */,
				306ABB371C40059500982669 /* FlappyBirdGameScene.swift */,
				306ABB351C40059500982669 /* bird.atlas */,
				306ABB391C40059500982669 /* Images.xcassets */,
			);
			name = FlappyBird;
			sourceTree = "<group>";
		};
		3086FFD71C415C6600EF7EC7 /* TapTheDot */ = {
			isa = PBXGroup;
			children = (
				3086FFD81C415CA500EF7EC7 /* TapTheDot.swift */,
				3086FFDA1C415D0F00EF7EC7 /* TapTheDotViewController.swift */,
				3086FFDB1C415D0F00EF7EC7 /* TapTheDotViewController.xib */,
				3086FFDE1C415D2000EF7EC7 /* TapTheDotViewModel.swift */,
			);
			name = TapTheDot;
			sourceTree = "<group>";
		};
		308F44111BE42AFA006AC354 = {
			isa = PBXGroup;
			children = (
				308F441C1BE42AFB006AC354 /* GameController */,
				308F44311BE42AFB006AC354 /* GameControllerTests */,
				308F443C1BE42AFB006AC354 /* GameControllerUITests */,
				308F441B1BE42AFB006AC354 /* Products */,
				E8EB9880F03439F343B807CA /* Pods */,
				440AF3D615455DA08989FB29 /* Frameworks */,
			);
			sourceTree = "<group>";
		};
		308F441B1BE42AFB006AC354 /* Products */ = {
			isa = PBXGroup;
			children = (
				308F441A1BE42AFB006AC354 /* GameController.app */,
				308F442E1BE42AFB006AC354 /* GameControllerTests.xctest */,
				308F44391BE42AFB006AC354 /* GameControllerUITests.xctest */,
			);
			name = Products;
			sourceTree = "<group>";
		};
		308F441C1BE42AFB006AC354 /* GameController */ = {
			isa = PBXGroup;
			children = (
				308F441D1BE42AFB006AC354 /* AppDelegate.swift */,
				3086FFE01C4167A200EF7EC7 /* Extensions.swift */,
				303EA73F1C385AC600B49854 /* MotionKit.swift */,
				303EA7231C2F019C00B49854 /* Game */,
				306ABB341C4004A000982669 /* FlappyBird */,
				303EA7341C385A8500B49854 /* CoverTheDot */,
				301501461D49D9E9002487BA /* UnrollTheToiletPaper */,
				3086FFD71C415C6600EF7EC7 /* TapTheDot */,
				308F44241BE42AFB006AC354 /* Assets.xcassets */,
				308F44261BE42AFB006AC354 /* LaunchScreen.storyboard */,
				308F44291BE42AFB006AC354 /* Info.plist */,
			);
			path = GameController;
			sourceTree = "<group>";
		};
		308F44311BE42AFB006AC354 /* GameControllerTests */ = {
			isa = PBXGroup;
			children = (
				308F44321BE42AFB006AC354 /* GameControllerTests.swift */,
				308F44341BE42AFB006AC354 /* Info.plist */,
			);
			path = GameControllerTests;
			sourceTree = "<group>";
		};
		308F443C1BE42AFB006AC354 /* GameControllerUITests */ = {
			isa = PBXGroup;
			children = (
				308F443D1BE42AFB006AC354 /* GameControllerUITests.swift */,
				308F443F1BE42AFC006AC354 /* Info.plist */,
			);
			path = GameControllerUITests;
			sourceTree = "<group>";
		};
		440AF3D615455DA08989FB29 /* Frameworks */ = {
			isa = PBXGroup;
			children = (
				3E839E9423CE87CB253517DD /* Pods_GameController.framework */,
				E9B10449E2ED8EBA4A857065 /* Pods_GameControllerTests.framework */,
				127F71D6C46901057FB1D645 /* Pods_GameControllerUITests.framework */,
			);
			name = Frameworks;
			sourceTree = "<group>";
		};
		E8EB9880F03439F343B807CA /* Pods */ = {
			isa = PBXGroup;
			children = (
				B9B7A950D9AA81FA8C69D7EC /* Pods-GameController.debug.xcconfig */,
				7F815D4CC957AEC12F1B0B63 /* Pods-GameController.release.xcconfig */,
				5F94F04617DA325E0D9C4A6F /* Pods-GameControllerTests.debug.xcconfig */,
				09E1496A3F9019DFF1D7F84E /* Pods-GameControllerTests.release.xcconfig */,
				712DC98A3E3D6CE50E615713 /* Pods-GameControllerUITests.debug.xcconfig */,
				CA4E49F2B11D54822B88AE85 /* Pods-GameControllerUITests.release.xcconfig */,
			);
			name = Pods;
			sourceTree = "<group>";
		};
/* End PBXGroup section */

/* Begin PBXNativeTarget section */
		308F44191BE42AFB006AC354 /* GameController */ = {
			isa = PBXNativeTarget;
			buildConfigurationList = 308F44421BE42AFC006AC354 /* Build configuration list for PBXNativeTarget "GameController" */;
			buildPhases = (
				66EB822CB4A0B227B297C1BF /* [CP] Check Pods Manifest.lock */,
				308F44161BE42AFB006AC354 /* Sources */,
				308F44171BE42AFB006AC354 /* Frameworks */,
				308F44181BE42AFB006AC354 /* Resources */,
				30B6EAC51D492D320057463A /* Embed Frameworks */,
				D7A42B3110FFE40956A4EA5F /* [CP] Embed Pods Frameworks */,
				8269003ABD5E62E56E837AAD /* [CP] Copy Pods Resources */,
			);
			buildRules = (
			);
			dependencies = (
			);
			name = GameController;
			productName = GameController;
			productReference = 308F441A1BE42AFB006AC354 /* GameController.app */;
			productType = "com.apple.product-type.application";
		};
		308F442D1BE42AFB006AC354 /* GameControllerTests */ = {
			isa = PBXNativeTarget;
			buildConfigurationList = 308F44451BE42AFC006AC354 /* Build configuration list for PBXNativeTarget "GameControllerTests" */;
			buildPhases = (
				0A83597EB7BFE44510B87888 /* [CP] Check Pods Manifest.lock */,
				308F442A1BE42AFB006AC354 /* Sources */,
				308F442B1BE42AFB006AC354 /* Frameworks */,
				308F442C1BE42AFB006AC354 /* Resources */,
				31E92D2BF80F115D77E645A3 /* [CP] Embed Pods Frameworks */,
				6A08EE3202F2F43B3F2D3A9D /* [CP] Copy Pods Resources */,
			);
			buildRules = (
			);
			dependencies = (
				308F44301BE42AFB006AC354 /* PBXTargetDependency */,
			);
			name = GameControllerTests;
			productName = GameControllerTests;
			productReference = 308F442E1BE42AFB006AC354 /* GameControllerTests.xctest */;
			productType = "com.apple.product-type.bundle.unit-test";
		};
		308F44381BE42AFB006AC354 /* GameControllerUITests */ = {
			isa = PBXNativeTarget;
			buildConfigurationList = 308F44481BE42AFC006AC354 /* Build configuration list for PBXNativeTarget "GameControllerUITests" */;
			buildPhases = (
				54A5D2DB25C36FBE07500E74 /* [CP] Check Pods Manifest.lock */,
				308F44351BE42AFB006AC354 /* Sources */,
				308F44361BE42AFB006AC354 /* Frameworks */,
				308F44371BE42AFB006AC354 /* Resources */,
				464F688D0BD955CD983F0F1B /* [CP] Copy Pods Resources */,
			);
			buildRules = (
			);
			dependencies = (
				308F443B1BE42AFB006AC354 /* PBXTargetDependency */,
			);
			name = GameControllerUITests;
			productName = GameControllerUITests;
			productReference = 308F44391BE42AFB006AC354 /* GameControllerUITests.xctest */;
			productType = "com.apple.product-type.bundle.ui-testing";
		};
/* End PBXNativeTarget section */

/* Begin PBXProject section */
		308F44121BE42AFA006AC354 /* Project object */ = {
			isa = PBXProject;
			attributes = {
				LastUpgradeCheck = 0700;
				ORGANIZATIONNAME = "Reid Chatham";
				TargetAttributes = {
					308F44191BE42AFB006AC354 = {
						CreatedOnToolsVersion = 7.0;
						DevelopmentTeam = NT7FFBVKUP;
					};
					308F442D1BE42AFB006AC354 = {
						CreatedOnToolsVersion = 7.0;
						TestTargetID = 308F44191BE42AFB006AC354;
					};
					308F44381BE42AFB006AC354 = {
						CreatedOnToolsVersion = 7.0;
						TestTargetID = 308F44191BE42AFB006AC354;
					};
				};
			};
			buildConfigurationList = 308F44151BE42AFA006AC354 /* Build configuration list for PBXProject "GameController" */;
			compatibilityVersion = "Xcode 3.2";
			developmentRegion = English;
			hasScannedForEncodings = 0;
			knownRegions = (
				en,
				Base,
			);
			mainGroup = 308F44111BE42AFA006AC354;
			productRefGroup = 308F441B1BE42AFB006AC354 /* Products */;
			projectDirPath = "";
			projectRoot = "";
			targets = (
				308F44191BE42AFB006AC354 /* GameController */,
				308F442D1BE42AFB006AC354 /* GameControllerTests */,
				308F44381BE42AFB006AC354 /* GameControllerUITests */,
			);
		};
/* End PBXProject section */

/* Begin PBXResourcesBuildPhase section */
		308F44181BE42AFB006AC354 /* Resources */ = {
			isa = PBXResourcesBuildPhase;
			buildActionMask = 2147483647;
			files = (
				3086FFDD1C415D0F00EF7EC7 /* TapTheDotViewController.xib in Resources */,
				306ABB3A1C40059500982669 /* bird.atlas in Resources */,
				3015014C1D49DAB4002487BA /* UnrollTheToiletPaperViewController.xib in Resources */,
				306ABB3E1C40059500982669 /* Images.xcassets in Resources */,
				308BE18A1C2DA30E009AA272 /* GameViewController.xib in Resources */,
				308F44281BE42AFB006AC354 /* LaunchScreen.storyboard in Resources */,
				306ABB441C40469400982669 /* FlappyBirdGameViewController.xib in Resources */,
				308F44251BE42AFB006AC354 /* Assets.xcassets in Resources */,
				306ABB3B1C40059500982669 /* FlappyBirdGameScene.sks in Resources */,
				303EA73B1C385AB300B49854 /* CoverTheDotViewController.xib in Resources */,
				308BE1861C2B87DD009AA272 /* JoinMatchViewController.xib in Resources */,
			);
			runOnlyForDeploymentPostprocessing = 0;
		};
		308F442C1BE42AFB006AC354 /* Resources */ = {
			isa = PBXResourcesBuildPhase;
			buildActionMask = 2147483647;
			files = (
			);
			runOnlyForDeploymentPostprocessing = 0;
		};
		308F44371BE42AFB006AC354 /* Resources */ = {
			isa = PBXResourcesBuildPhase;
			buildActionMask = 2147483647;
			files = (
			);
			runOnlyForDeploymentPostprocessing = 0;
		};
/* End PBXResourcesBuildPhase section */

/* Begin PBXShellScriptBuildPhase section */
		0A83597EB7BFE44510B87888 /* [CP] Check Pods Manifest.lock */ = {
			isa = PBXShellScriptBuildPhase;
			buildActionMask = 2147483647;
			files = (
			);
			inputPaths = (
			);
			name = "[CP] Check Pods Manifest.lock";
			outputPaths = (
			);
			runOnlyForDeploymentPostprocessing = 0;
			shellPath = /bin/sh;
			shellScript = "diff \"${PODS_ROOT}/../Podfile.lock\" \"${PODS_ROOT}/Manifest.lock\" > /dev/null\nif [[ $? != 0 ]] ; then\n    cat << EOM\nerror: The sandbox is not in sync with the Podfile.lock. Run 'pod install' or update your CocoaPods installation.\nEOM\n    exit 1\nfi\n";
			showEnvVarsInLog = 0;
		};
		31E92D2BF80F115D77E645A3 /* [CP] Embed Pods Frameworks */ = {
			isa = PBXShellScriptBuildPhase;
			buildActionMask = 2147483647;
			files = (
			);
			inputPaths = (
			);
			name = "[CP] Embed Pods Frameworks";
			outputPaths = (
			);
			runOnlyForDeploymentPostprocessing = 0;
			shellPath = /bin/sh;
			shellScript = "\"${SRCROOT}/Pods/Target Support Files/Pods-GameControllerTests/Pods-GameControllerTests-frameworks.sh\"\n";
			showEnvVarsInLog = 0;
		};
		464F688D0BD955CD983F0F1B /* [CP] Copy Pods Resources */ = {
			isa = PBXShellScriptBuildPhase;
			buildActionMask = 2147483647;
			files = (
			);
			inputPaths = (
			);
			name = "[CP] Copy Pods Resources";
			outputPaths = (
			);
			runOnlyForDeploymentPostprocessing = 0;
			shellPath = /bin/sh;
			shellScript = "\"${SRCROOT}/Pods/Target Support Files/Pods-GameControllerUITests/Pods-GameControllerUITests-resources.sh\"\n";
			showEnvVarsInLog = 0;
		};
		54A5D2DB25C36FBE07500E74 /* [CP] Check Pods Manifest.lock */ = {
			isa = PBXShellScriptBuildPhase;
			buildActionMask = 2147483647;
			files = (
			);
			inputPaths = (
			);
			name = "[CP] Check Pods Manifest.lock";
			outputPaths = (
			);
			runOnlyForDeploymentPostprocessing = 0;
			shellPath = /bin/sh;
			shellScript = "diff \"${PODS_ROOT}/../Podfile.lock\" \"${PODS_ROOT}/Manifest.lock\" > /dev/null\nif [[ $? != 0 ]] ; then\n    cat << EOM\nerror: The sandbox is not in sync with the Podfile.lock. Run 'pod install' or update your CocoaPods installation.\nEOM\n    exit 1\nfi\n";
			showEnvVarsInLog = 0;
		};
		66EB822CB4A0B227B297C1BF /* [CP] Check Pods Manifest.lock */ = {
			isa = PBXShellScriptBuildPhase;
			buildActionMask = 2147483647;
			files = (
			);
			inputPaths = (
			);
			name = "[CP] Check Pods Manifest.lock";
			outputPaths = (
			);
			runOnlyForDeploymentPostprocessing = 0;
			shellPath = /bin/sh;
			shellScript = "diff \"${PODS_ROOT}/../Podfile.lock\" \"${PODS_ROOT}/Manifest.lock\" > /dev/null\nif [[ $? != 0 ]] ; then\n    cat << EOM\nerror: The sandbox is not in sync with the Podfile.lock. Run 'pod install' or update your CocoaPods installation.\nEOM\n    exit 1\nfi\n";
			showEnvVarsInLog = 0;
		};
		6A08EE3202F2F43B3F2D3A9D /* [CP] Copy Pods Resources */ = {
			isa = PBXShellScriptBuildPhase;
			buildActionMask = 2147483647;
			files = (
			);
			inputPaths = (
			);
			name = "[CP] Copy Pods Resources";
			outputPaths = (
			);
			runOnlyForDeploymentPostprocessing = 0;
			shellPath = /bin/sh;
			shellScript = "\"${SRCROOT}/Pods/Target Support Files/Pods-GameControllerTests/Pods-GameControllerTests-resources.sh\"\n";
			showEnvVarsInLog = 0;
		};
		8269003ABD5E62E56E837AAD /* [CP] Copy Pods Resources */ = {
			isa = PBXShellScriptBuildPhase;
			buildActionMask = 2147483647;
			files = (
			);
			inputPaths = (
			);
			name = "[CP] Copy Pods Resources";
			outputPaths = (
			);
			runOnlyForDeploymentPostprocessing = 0;
			shellPath = /bin/sh;
			shellScript = "\"${SRCROOT}/Pods/Target Support Files/Pods-GameController/Pods-GameController-resources.sh\"\n";
			showEnvVarsInLog = 0;
		};
		D7A42B3110FFE40956A4EA5F /* [CP] Embed Pods Frameworks */ = {
			isa = PBXShellScriptBuildPhase;
			buildActionMask = 2147483647;
			files = (
			);
			inputPaths = (
			);
			name = "[CP] Embed Pods Frameworks";
			outputPaths = (
			);
			runOnlyForDeploymentPostprocessing = 0;
			shellPath = /bin/sh;
			shellScript = "\"${SRCROOT}/Pods/Target Support Files/Pods-GameController/Pods-GameController-frameworks.sh\"\n";
			showEnvVarsInLog = 0;
		};
/* End PBXShellScriptBuildPhase section */

/* Begin PBXSourcesBuildPhase section */
		308F44161BE42AFB006AC354 /* Sources */ = {
			isa = PBXSourcesBuildPhase;
			buildActionMask = 2147483647;
			files = (
				308F444E1BE71D7E006AC354 /* Player.swift in Sources */,
				304723B31D63EC6500AFF672 /* JoinMatchViewModel.swift in Sources */,
				308BE17E1C2B7F9A009AA272 /* JoinMatchViewController.swift in Sources */,
				301B79F81D476A270029DBCE /* MiniGameCoordinator.swift in Sources */,
				303EA73A1C385AB300B49854 /* CoverTheDotViewController.swift in Sources */,
				306ABB421C4010FC00982669 /* FlappyBird.swift in Sources */,
				301501481D49DA0A002487BA /* UnrollTheToiletPaper.swift in Sources */,
				306ABB3D1C40059500982669 /* FlappyBirdGameViewController.swift in Sources */,
				304723B11D63D62C00AFF672 /* JoinMatchCoordinator.swift in Sources */,
				303EA73E1C385AB300B49854 /* MiniGameRound.swift in Sources */,
				301B79F61D475B730029DBCE /* GameCoordinator.swift in Sources */,
				303EA73D1C385AB300B49854 /* DotView.swift in Sources */,
				3086FFDF1C415D2000EF7EC7 /* TapTheDotViewModel.swift in Sources */,
				303EA7421C385AD700B49854 /* BlockBehavior.swift in Sources */,
				3015014E1D49DB01002487BA /* UnrollTheToiletPaperViewModel.swift in Sources */,
				3086FFDC1C415D0F00EF7EC7 /* TapTheDotViewController.swift in Sources */,
				303EA7461C38679900B49854 /* CoverTheDot.swift in Sources */,
				30B6EAC21D4831920057463A /* Timer.swift in Sources */,
				303EA7401C385AC600B49854 /* MotionKit.swift in Sources */,
				303EA7441C385C3700B49854 /* MiniGame.swift in Sources */,
				3086FFD91C415CA500EF7EC7 /* TapTheDot.swift in Sources */,
				306ABB401C4010EB00982669 /* FlappyBirdViewModel.swift in Sources */,
				3086FFE11C4167A200EF7EC7 /* Extensions.swift in Sources */,
				306ABB3C1C40059500982669 /* FlappyBirdGameScene.swift in Sources */,
				303EA73C1C385AB300B49854 /* CoverTheDotViewModel.swift in Sources */,
				308F441E1BE42AFB006AC354 /* AppDelegate.swift in Sources */,
				308BE1841C2B85B9009AA272 /* GameViewModel.swift in Sources */,
				308BE1821C2B85AA009AA272 /* GameViewController.swift in Sources */,
				3015014B1D49DAB4002487BA /* UnrollTheToiletPaperViewController.swift in Sources */,
			);
			runOnlyForDeploymentPostprocessing = 0;
		};
		308F442A1BE42AFB006AC354 /* Sources */ = {
			isa = PBXSourcesBuildPhase;
			buildActionMask = 2147483647;
			files = (
				308F44331BE42AFB006AC354 /* GameControllerTests.swift in Sources */,
			);
			runOnlyForDeploymentPostprocessing = 0;
		};
		308F44351BE42AFB006AC354 /* Sources */ = {
			isa = PBXSourcesBuildPhase;
			buildActionMask = 2147483647;
			files = (
				308F443E1BE42AFB006AC354 /* GameControllerUITests.swift in Sources */,
			);
			runOnlyForDeploymentPostprocessing = 0;
		};
/* End PBXSourcesBuildPhase section */

/* Begin PBXTargetDependency section */
		308F44301BE42AFB006AC354 /* PBXTargetDependency */ = {
			isa = PBXTargetDependency;
			target = 308F44191BE42AFB006AC354 /* GameController */;
			targetProxy = 308F442F1BE42AFB006AC354 /* PBXContainerItemProxy */;
		};
		308F443B1BE42AFB006AC354 /* PBXTargetDependency */ = {
			isa = PBXTargetDependency;
			target = 308F44191BE42AFB006AC354 /* GameController */;
			targetProxy = 308F443A1BE42AFB006AC354 /* PBXContainerItemProxy */;
		};
/* End PBXTargetDependency section */

/* Begin PBXVariantGroup section */
		308F44261BE42AFB006AC354 /* LaunchScreen.storyboard */ = {
			isa = PBXVariantGroup;
			children = (
				308F44271BE42AFB006AC354 /* Base */,
			);
			name = LaunchScreen.storyboard;
			sourceTree = "<group>";
		};
/* End PBXVariantGroup section */

/* Begin XCBuildConfiguration section */
		308F44401BE42AFC006AC354 /* Debug */ = {
			isa = XCBuildConfiguration;
			buildSettings = {
				ALWAYS_SEARCH_USER_PATHS = NO;
				CLANG_CXX_LANGUAGE_STANDARD = "gnu++0x";
				CLANG_CXX_LIBRARY = "libc++";
				CLANG_ENABLE_MODULES = YES;
				CLANG_ENABLE_OBJC_ARC = YES;
				CLANG_WARN_BOOL_CONVERSION = YES;
				CLANG_WARN_CONSTANT_CONVERSION = YES;
				CLANG_WARN_DIRECT_OBJC_ISA_USAGE = YES_ERROR;
				CLANG_WARN_EMPTY_BODY = YES;
				CLANG_WARN_ENUM_CONVERSION = YES;
				CLANG_WARN_INT_CONVERSION = YES;
				CLANG_WARN_OBJC_ROOT_CLASS = YES_ERROR;
				CLANG_WARN_UNREACHABLE_CODE = YES;
				CLANG_WARN__DUPLICATE_METHOD_MATCH = YES;
				"CODE_SIGN_IDENTITY[sdk=iphoneos*]" = "iPhone Developer";
				COPY_PHASE_STRIP = NO;
				DEBUG_INFORMATION_FORMAT = dwarf;
				ENABLE_STRICT_OBJC_MSGSEND = YES;
				ENABLE_TESTABILITY = YES;
				GCC_C_LANGUAGE_STANDARD = gnu99;
				GCC_DYNAMIC_NO_PIC = NO;
				GCC_NO_COMMON_BLOCKS = YES;
				GCC_OPTIMIZATION_LEVEL = 0;
				GCC_PREPROCESSOR_DEFINITIONS = (
					"DEBUG=1",
					"$(inherited)",
				);
				GCC_WARN_64_TO_32_BIT_CONVERSION = YES;
				GCC_WARN_ABOUT_RETURN_TYPE = YES_ERROR;
				GCC_WARN_UNDECLARED_SELECTOR = YES;
				GCC_WARN_UNINITIALIZED_AUTOS = YES_AGGRESSIVE;
				GCC_WARN_UNUSED_FUNCTION = YES;
				GCC_WARN_UNUSED_VARIABLE = YES;
				IPHONEOS_DEPLOYMENT_TARGET = 9.0;
				MTL_ENABLE_DEBUG_INFO = YES;
				ONLY_ACTIVE_ARCH = YES;
				SDKROOT = iphoneos;
				SWIFT_OPTIMIZATION_LEVEL = "-Onone";
				TARGETED_DEVICE_FAMILY = "1,2";
			};
			name = Debug;
		};
		308F44411BE42AFC006AC354 /* Release */ = {
			isa = XCBuildConfiguration;
			buildSettings = {
				ALWAYS_SEARCH_USER_PATHS = NO;
				CLANG_CXX_LANGUAGE_STANDARD = "gnu++0x";
				CLANG_CXX_LIBRARY = "libc++";
				CLANG_ENABLE_MODULES = YES;
				CLANG_ENABLE_OBJC_ARC = YES;
				CLANG_WARN_BOOL_CONVERSION = YES;
				CLANG_WARN_CONSTANT_CONVERSION = YES;
				CLANG_WARN_DIRECT_OBJC_ISA_USAGE = YES_ERROR;
				CLANG_WARN_EMPTY_BODY = YES;
				CLANG_WARN_ENUM_CONVERSION = YES;
				CLANG_WARN_INT_CONVERSION = YES;
				CLANG_WARN_OBJC_ROOT_CLASS = YES_ERROR;
				CLANG_WARN_UNREACHABLE_CODE = YES;
				CLANG_WARN__DUPLICATE_METHOD_MATCH = YES;
				"CODE_SIGN_IDENTITY[sdk=iphoneos*]" = "iPhone Developer";
				COPY_PHASE_STRIP = NO;
				DEBUG_INFORMATION_FORMAT = "dwarf-with-dsym";
				ENABLE_NS_ASSERTIONS = NO;
				ENABLE_STRICT_OBJC_MSGSEND = YES;
				GCC_C_LANGUAGE_STANDARD = gnu99;
				GCC_NO_COMMON_BLOCKS = YES;
				GCC_WARN_64_TO_32_BIT_CONVERSION = YES;
				GCC_WARN_ABOUT_RETURN_TYPE = YES_ERROR;
				GCC_WARN_UNDECLARED_SELECTOR = YES;
				GCC_WARN_UNINITIALIZED_AUTOS = YES_AGGRESSIVE;
				GCC_WARN_UNUSED_FUNCTION = YES;
				GCC_WARN_UNUSED_VARIABLE = YES;
				IPHONEOS_DEPLOYMENT_TARGET = 9.0;
				MTL_ENABLE_DEBUG_INFO = NO;
				SDKROOT = iphoneos;
				TARGETED_DEVICE_FAMILY = "1,2";
				VALIDATE_PRODUCT = YES;
			};
			name = Release;
		};
		308F44431BE42AFC006AC354 /* Debug */ = {
			isa = XCBuildConfiguration;
			baseConfigurationReference = B9B7A950D9AA81FA8C69D7EC /* Pods-GameController.debug.xcconfig */;
			buildSettings = {
				ASSETCATALOG_COMPILER_APPICON_NAME = AppIcon;
				CODE_SIGN_IDENTITY = "iPhone Developer";
				"CODE_SIGN_IDENTITY[sdk=iphoneos*]" = "iPhone Developer";
				FRAMEWORK_SEARCH_PATHS = (
					"$(inherited)",
					"$(PROJECT_DIR)",
					"$(PROJECT_DIR)/Carthage/Build/iOS",
				);
				INFOPLIST_FILE = GameController/Info.plist;
				LD_RUNPATH_SEARCH_PATHS = "$(inherited) @executable_path/Frameworks";
				PRODUCT_BUNDLE_IDENTIFIER = com.rchatham.GameController;
				PRODUCT_NAME = "$(TARGET_NAME)";
				PROVISIONING_PROFILE = "";
			};
			name = Debug;
		};
		308F44441BE42AFC006AC354 /* Release */ = {
			isa = XCBuildConfiguration;
			baseConfigurationReference = 7F815D4CC957AEC12F1B0B63 /* Pods-GameController.release.xcconfig */;
			buildSettings = {
				ASSETCATALOG_COMPILER_APPICON_NAME = AppIcon;
				CODE_SIGN_IDENTITY = "iPhone Developer";
				"CODE_SIGN_IDENTITY[sdk=iphoneos*]" = "iPhone Developer";
				FRAMEWORK_SEARCH_PATHS = (
					"$(inherited)",
					"$(PROJECT_DIR)",
					"$(PROJECT_DIR)/Carthage/Build/iOS",
				);
				INFOPLIST_FILE = GameController/Info.plist;
				LD_RUNPATH_SEARCH_PATHS = "$(inherited) @executable_path/Frameworks";
				PRODUCT_BUNDLE_IDENTIFIER = com.rchatham.GameController;
				PRODUCT_NAME = "$(TARGET_NAME)";
				PROVISIONING_PROFILE = "";
			};
			name = Release;
		};
		308F44461BE42AFC006AC354 /* Debug */ = {
			isa = XCBuildConfiguration;
			baseConfigurationReference = 5F94F04617DA325E0D9C4A6F /* Pods-GameControllerTests.debug.xcconfig */;
			buildSettings = {
				BUNDLE_LOADER = "$(TEST_HOST)";
				INFOPLIST_FILE = GameControllerTests/Info.plist;
				LD_RUNPATH_SEARCH_PATHS = "$(inherited) @executable_path/Frameworks @loader_path/Frameworks";
				PRODUCT_BUNDLE_IDENTIFIER = com.rchatham.GameControllerTests;
				PRODUCT_NAME = "$(TARGET_NAME)";
				TEST_HOST = "$(BUILT_PRODUCTS_DIR)/GameController.app/GameController";
			};
			name = Debug;
		};
		308F44471BE42AFC006AC354 /* Release */ = {
			isa = XCBuildConfiguration;
			baseConfigurationReference = 09E1496A3F9019DFF1D7F84E /* Pods-GameControllerTests.release.xcconfig */;
			buildSettings = {
				BUNDLE_LOADER = "$(TEST_HOST)";
				INFOPLIST_FILE = GameControllerTests/Info.plist;
				LD_RUNPATH_SEARCH_PATHS = "$(inherited) @executable_path/Frameworks @loader_path/Frameworks";
				PRODUCT_BUNDLE_IDENTIFIER = com.rchatham.GameControllerTests;
				PRODUCT_NAME = "$(TARGET_NAME)";
				TEST_HOST = "$(BUILT_PRODUCTS_DIR)/GameController.app/GameController";
			};
			name = Release;
		};
		308F44491BE42AFC006AC354 /* Debug */ = {
			isa = XCBuildConfiguration;
			baseConfigurationReference = 712DC98A3E3D6CE50E615713 /* Pods-GameControllerUITests.debug.xcconfig */;
			buildSettings = {
				INFOPLIST_FILE = GameControllerUITests/Info.plist;
				LD_RUNPATH_SEARCH_PATHS = "$(inherited) @executable_path/Frameworks @loader_path/Frameworks";
				PRODUCT_BUNDLE_IDENTIFIER = com.rchatham.GameControllerUITests;
				PRODUCT_NAME = "$(TARGET_NAME)";
				TEST_TARGET_NAME = GameController;
				USES_XCTRUNNER = YES;
			};
			name = Debug;
		};
		308F444A1BE42AFC006AC354 /* Release */ = {
			isa = XCBuildConfiguration;
			baseConfigurationReference = CA4E49F2B11D54822B88AE85 /* Pods-GameControllerUITests.release.xcconfig */;
			buildSettings = {
				INFOPLIST_FILE = GameControllerUITests/Info.plist;
				LD_RUNPATH_SEARCH_PATHS = "$(inherited) @executable_path/Frameworks @loader_path/Frameworks";
				PRODUCT_BUNDLE_IDENTIFIER = com.rchatham.GameControllerUITests;
				PRODUCT_NAME = "$(TARGET_NAME)";
				TEST_TARGET_NAME = GameController;
				USES_XCTRUNNER = YES;
			};
			name = Release;
		};
/* End XCBuildConfiguration section */

/* Begin XCConfigurationList section */
		308F44151BE42AFA006AC354 /* Build configuration list for PBXProject "GameController" */ = {
			isa = XCConfigurationList;
			buildConfigurations = (
				308F44401BE42AFC006AC354 /* Debug */,
				308F44411BE42AFC006AC354 /* Release */,
			);
			defaultConfigurationIsVisible = 0;
			defaultConfigurationName = Release;
		};
		308F44421BE42AFC006AC354 /* Build configuration list for PBXNativeTarget "GameController" */ = {
			isa = XCConfigurationList;
			buildConfigurations = (
				308F44431BE42AFC006AC354 /* Debug */,
				308F44441BE42AFC006AC354 /* Release */,
			);
			defaultConfigurationIsVisible = 0;
			defaultConfigurationName = Release;
		};
		308F44451BE42AFC006AC354 /* Build configuration list for PBXNativeTarget "GameControllerTests" */ = {
			isa = XCConfigurationList;
			buildConfigurations = (
				308F44461BE42AFC006AC354 /* Debug */,
				308F44471BE42AFC006AC354 /* Release */,
			);
			defaultConfigurationIsVisible = 0;
			defaultConfigurationName = Release;
		};
		308F44481BE42AFC006AC354 /* Build configuration list for PBXNativeTarget "GameControllerUITests" */ = {
			isa = XCConfigurationList;
			buildConfigurations = (
				308F44491BE42AFC006AC354 /* Debug */,
				308F444A1BE42AFC006AC354 /* Release */,
			);
			defaultConfigurationIsVisible = 0;
			defaultConfigurationName = Release;
		};
/* End XCConfigurationList section */
	};
	rootObject = 308F44121BE42AFA006AC354 /* Project object */;
}
